
Microsoft Visual Studio Solution File, Format Version 12.00
# Visual Studio 2012
Project("{FAE04EC0-301F-11D3-BF4B-00C04F79EFBC}") = "ViewModels", "ViewModels\ViewModels.csproj", "{944290DA-6AC5-466D-BED8-C5DAC557B23D}"
EndProject
Global
	GlobalSection(SolutionConfigurationPlatforms) = preSolution
		Debug|Any CPU = Debug|Any CPU
		Release|Any CPU = Release|Any CPU
	EndGlobalSection
	GlobalSection(ProjectConfigurationPlatforms) = postSolution
		{944290DA-6AC5-466D-BED8-C5DAC557B23D}.Debug|Any CPU.ActiveCfg = Debug|Any CPU
		{944290DA-6AC5-466D-BED8-C5DAC557B23D}.Debug|Any CPU.Build.0 = Debug|Any CPU
		{944290DA-6AC5-466D-BED8-C5DAC557B23D}.Release|Any CPU.ActiveCfg = Release|Any CPU
		{944290DA-6AC5-466D-BED8-C5DAC557B23D}.Release|Any CPU.Build.0 = Release|Any CPU
	EndGlobalSection
	GlobalSection(SolutionProperties) = preSolution
		HideSolutionNode = FALSE
	EndGlobalSection
EndGlobal
